
Microsoft Visual Studio Solution File, Format Version 12.00
# Visual Studio Version 17
VisualStudioVersion = 17.4.33110.190
MinimumVisualStudioVersion = 10.0.40219.1
Project("{2150E333-8FDC-42A3-9474-1A3956D46DE8}") = "Core", "Core", "{F985B1FF-4214-4300-BF3F-4708FE3308A3}"
EndProject
Project("{9A19103F-16F7-4668-BE54-9A1E7A4F7556}") = "Simple.Core", "Simple.Core\Simple.Core.csproj", "{0C91A956-0C3D-4A73-B0C7-46F4997F8636}"
EndProject
Project("{2150E333-8FDC-42A3-9474-1A3956D46DE8}") = "Demos", "Demos", "{FF4B20CF-C76D-4CD8-94C4-D93EFBE1A6BF}"
EndProject
Project("{2150E333-8FDC-42A3-9474-1A3956D46DE8}") = "Pong", "Pong", "{58976747-3D2D-4080-AB28-1DF746C7ACB5}"
EndProject
Project("{9A19103F-16F7-4668-BE54-9A1E7A4F7556}") = "Pong.Shared", "..\demos\Pong\Pong.Shared\Pong.Shared.csproj", "{9D7CCD4D-F78F-4B2C-A2DC-B8011F287A70}"
EndProject
Project("{9A19103F-16F7-4668-BE54-9A1E7A4F7556}") = "Pong.Native", "..\demos\Pong\Pong.Native\Pong.Native.csproj", "{04F5D62B-BF6E-4AC8-949B-F46DE1B80D44}"
EndProject
Project("{9A19103F-16F7-4668-BE54-9A1E7A4F7556}") = "Pong.Web", "..\demos\Pong\Pong.Web\Pong.Web.csproj", "{C82109B3-5CCA-4A10-A530-3C330619E19B}"
EndProject
Project("{FAE04EC0-301F-11D3-BF4B-00C04F79EFBC}") = "Simple.Core.2D", "Simple.Core.2D\Simple.Core.2D.csproj", "{23EA70AD-009B-45F8-B18F-7188ED2C5157}"
EndProject
Project("{FAE04EC0-301F-11D3-BF4B-00C04F79EFBC}") = "Pong.Game", "..\demos\Pong\Pong.Game\Pong.Game.csproj", "{94A21C9C-B33E-4048-AD82-C976E134F112}"
EndProject
Global
	GlobalSection(SolutionConfigurationPlatforms) = preSolution
		Debug|Any CPU = Debug|Any CPU
		Release|Any CPU = Release|Any CPU
	EndGlobalSection
	GlobalSection(ProjectConfigurationPlatforms) = postSolution
		{0C91A956-0C3D-4A73-B0C7-46F4997F8636}.Debug|Any CPU.ActiveCfg = Debug|Any CPU
		{0C91A956-0C3D-4A73-B0C7-46F4997F8636}.Debug|Any CPU.Build.0 = Debug|Any CPU
		{0C91A956-0C3D-4A73-B0C7-46F4997F8636}.Release|Any CPU.ActiveCfg = Release|Any CPU
		{0C91A956-0C3D-4A73-B0C7-46F4997F8636}.Release|Any CPU.Build.0 = Release|Any CPU
		{9D7CCD4D-F78F-4B2C-A2DC-B8011F287A70}.Debug|Any CPU.ActiveCfg = Debug|Any CPU
		{9D7CCD4D-F78F-4B2C-A2DC-B8011F287A70}.Debug|Any CPU.Build.0 = Debug|Any CPU
		{9D7CCD4D-F78F-4B2C-A2DC-B8011F287A70}.Release|Any CPU.ActiveCfg = Release|Any CPU
		{9D7CCD4D-F78F-4B2C-A2DC-B8011F287A70}.Release|Any CPU.Build.0 = Release|Any CPU
		{04F5D62B-BF6E-4AC8-949B-F46DE1B80D44}.Debug|Any CPU.ActiveCfg = Debug|Any CPU
		{04F5D62B-BF6E-4AC8-949B-F46DE1B80D44}.Debug|Any CPU.Build.0 = Debug|Any CPU
		{04F5D62B-BF6E-4AC8-949B-F46DE1B80D44}.Debug|Any CPU.Deploy.0 = Debug|Any CPU
		{04F5D62B-BF6E-4AC8-949B-F46DE1B80D44}.Release|Any CPU.ActiveCfg = Release|Any CPU
		{04F5D62B-BF6E-4AC8-949B-F46DE1B80D44}.Release|Any CPU.Build.0 = Release|Any CPU
		{04F5D62B-BF6E-4AC8-949B-F46DE1B80D44}.Release|Any CPU.Deploy.0 = Release|Any CPU
		{C82109B3-5CCA-4A10-A530-3C330619E19B}.Debug|Any CPU.ActiveCfg = Debug|Any CPU
		{C82109B3-5CCA-4A10-A530-3C330619E19B}.Debug|Any CPU.Build.0 = Debug|Any CPU
		{C82109B3-5CCA-4A10-A530-3C330619E19B}.Release|Any CPU.ActiveCfg = Release|Any CPU
		{C82109B3-5CCA-4A10-A530-3C330619E19B}.Release|Any CPU.Build.0 = Release|Any CPU
		{23EA70AD-009B-45F8-B18F-7188ED2C5157}.Debug|Any CPU.ActiveCfg = Debug|Any CPU
		{23EA70AD-009B-45F8-B18F-7188ED2C5157}.Debug|Any CPU.Build.0 = Debug|Any CPU
		{23EA70AD-009B-45F8-B18F-7188ED2C5157}.Release|Any CPU.ActiveCfg = Release|Any CPU
		{23EA70AD-009B-45F8-B18F-7188ED2C5157}.Release|Any CPU.Build.0 = Release|Any CPU
		{94A21C9C-B33E-4048-AD82-C976E134F112}.Debug|Any CPU.ActiveCfg = Debug|Any CPU
		{94A21C9C-B33E-4048-AD82-C976E134F112}.Debug|Any CPU.Build.0 = Debug|Any CPU
		{94A21C9C-B33E-4048-AD82-C976E134F112}.Release|Any CPU.ActiveCfg = Release|Any CPU
		{94A21C9C-B33E-4048-AD82-C976E134F112}.Release|Any CPU.Build.0 = Release|Any CPU
	EndGlobalSection
	GlobalSection(SolutionProperties) = preSolution
		HideSolutionNode = FALSE
	EndGlobalSection
	GlobalSection(NestedProjects) = preSolution
		{0C91A956-0C3D-4A73-B0C7-46F4997F8636} = {F985B1FF-4214-4300-BF3F-4708FE3308A3}
		{58976747-3D2D-4080-AB28-1DF746C7ACB5} = {FF4B20CF-C76D-4CD8-94C4-D93EFBE1A6BF}
		{9D7CCD4D-F78F-4B2C-A2DC-B8011F287A70} = {58976747-3D2D-4080-AB28-1DF746C7ACB5}
		{04F5D62B-BF6E-4AC8-949B-F46DE1B80D44} = {58976747-3D2D-4080-AB28-1DF746C7ACB5}
		{C82109B3-5CCA-4A10-A530-3C330619E19B} = {58976747-3D2D-4080-AB28-1DF746C7ACB5}
		{23EA70AD-009B-45F8-B18F-7188ED2C5157} = {F985B1FF-4214-4300-BF3F-4708FE3308A3}
		{94A21C9C-B33E-4048-AD82-C976E134F112} = {58976747-3D2D-4080-AB28-1DF746C7ACB5}
	EndGlobalSection
	GlobalSection(ExtensibilityGlobals) = postSolution
		SolutionGuid = {1BE74819-BE76-4034-AD5D-17BD797D6225}
	EndGlobalSection
EndGlobal
