
Microsoft Visual Studio Solution File, Format Version 12.00
# Visual Studio Version 17
VisualStudioVersion = 17.4.33110.190
MinimumVisualStudioVersion = 10.0.40219.1
Project("{2150E333-8FDC-42A3-9474-1A3956D46DE8}") = "Core", "Core", "{F985B1FF-4214-4300-BF3F-4708FE3308A3}"
EndProject
Project("{FAE04EC0-301F-11D3-BF4B-00C04F79EFBC}") = "Simple.Core", "Simple.Core\Simple.Core.csproj", "{0C91A956-0C3D-4A73-B0C7-46F4997F8636}"
EndProject
Global
	GlobalSection(SolutionConfigurationPlatforms) = preSolution
		Debug|Any CPU = Debug|Any CPU
		Release|Any CPU = Release|Any CPU
	EndGlobalSection
	GlobalSection(ProjectConfigurationPlatforms) = postSolution
		{0C91A956-0C3D-4A73-B0C7-46F4997F8636}.Debug|Any CPU.ActiveCfg = Debug|Any CPU
		{0C91A956-0C3D-4A73-B0C7-46F4997F8636}.Debug|Any CPU.Build.0 = Debug|Any CPU
		{0C91A956-0C3D-4A73-B0C7-46F4997F8636}.Release|Any CPU.ActiveCfg = Release|Any CPU
		{0C91A956-0C3D-4A73-B0C7-46F4997F8636}.Release|Any CPU.Build.0 = Release|Any CPU
	EndGlobalSection
	GlobalSection(SolutionProperties) = preSolution
		HideSolutionNode = FALSE
	EndGlobalSection
	GlobalSection(NestedProjects) = preSolution
		{0C91A956-0C3D-4A73-B0C7-46F4997F8636} = {F985B1FF-4214-4300-BF3F-4708FE3308A3}
	EndGlobalSection
	GlobalSection(ExtensibilityGlobals) = postSolution
		SolutionGuid = {1BE74819-BE76-4034-AD5D-17BD797D6225}
	EndGlobalSection
EndGlobal
